
Microsoft Visual Studio Solution File, Format Version 12.00
# Visual Studio Version 17
VisualStudioVersion = 17.5.33627.172
MinimumVisualStudioVersion = 10.0.40219.1
Project("{FAE04EC0-301F-11D3-BF4B-00C04F79EFBC}") = "SchoolReport", "SchoolReport\SchoolReport.csproj", "{80533162-FEC3-4E1F-815C-9CF9371FEFF7}"
EndProject
Project("{FAE04EC0-301F-11D3-BF4B-00C04F79EFBC}") = "TestSchoolReport", "TestSchoolReport\TestSchoolReport.csproj", "{C64A1766-13EB-412D-9986-416F6ED42115}"
EndProject
Global
	GlobalSection(SolutionConfigurationPlatforms) = preSolution
		Debug|Any CPU = Debug|Any CPU
		Release|Any CPU = Release|Any CPU
	EndGlobalSection
	GlobalSection(ProjectConfigurationPlatforms) = postSolution
		{80533162-FEC3-4E1F-815C-9CF9371FEFF7}.Debug|Any CPU.ActiveCfg = Debug|Any CPU
		{80533162-FEC3-4E1F-815C-9CF9371FEFF7}.Debug|Any CPU.Build.0 = Debug|Any CPU
		{80533162-FEC3-4E1F-815C-9CF9371FEFF7}.Release|Any CPU.ActiveCfg = Release|Any CPU
		{80533162-FEC3-4E1F-815C-9CF9371FEFF7}.Release|Any CPU.Build.0 = Release|Any CPU
		{C64A1766-13EB-412D-9986-416F6ED42115}.Debug|Any CPU.ActiveCfg = Debug|Any CPU
		{C64A1766-13EB-412D-9986-416F6ED42115}.Debug|Any CPU.Build.0 = Debug|Any CPU
		{C64A1766-13EB-412D-9986-416F6ED42115}.Release|Any CPU.ActiveCfg = Release|Any CPU
		{C64A1766-13EB-412D-9986-416F6ED42115}.Release|Any CPU.Build.0 = Release|Any CPU
	EndGlobalSection
	GlobalSection(SolutionProperties) = preSolution
		HideSolutionNode = FALSE
	EndGlobalSection
	GlobalSection(ExtensibilityGlobals) = postSolution
		SolutionGuid = {4EFA9992-861B-47A1-BF6C-5A4C72AFB6D6}
	EndGlobalSection
EndGlobal
